
Microsoft Visual Studio Solution File, Format Version 12.00
# Visual Studio 15
VisualStudioVersion = 15.0.28307.329
MinimumVisualStudioVersion = 10.0.40219.1
Project("{FAE04EC0-301F-11D3-BF4B-00C04F79EFBC}") = "aws-dynamodb-net-core-demo", "aws-dynamodb-net-core-demo\aws-dynamodb-net-core-demo.csproj", "{C4418F12-88DC-4F8D-9701-6B87AB9DD24C}"
EndProject
Global
	GlobalSection(SolutionConfigurationPlatforms) = preSolution
		Debug|Any CPU = Debug|Any CPU
		Release|Any CPU = Release|Any CPU
	EndGlobalSection
	GlobalSection(ProjectConfigurationPlatforms) = postSolution
		{C4418F12-88DC-4F8D-9701-6B87AB9DD24C}.Debug|Any CPU.ActiveCfg = Debug|Any CPU
		{C4418F12-88DC-4F8D-9701-6B87AB9DD24C}.Debug|Any CPU.Build.0 = Debug|Any CPU
		{C4418F12-88DC-4F8D-9701-6B87AB9DD24C}.Release|Any CPU.ActiveCfg = Release|Any CPU
		{C4418F12-88DC-4F8D-9701-6B87AB9DD24C}.Release|Any CPU.Build.0 = Release|Any CPU
	EndGlobalSection
	GlobalSection(SolutionProperties) = preSolution
		HideSolutionNode = FALSE
	EndGlobalSection
	GlobalSection(ExtensibilityGlobals) = postSolution
		SolutionGuid = {619265E2-73DC-46F6-80E3-0AE139FCC550}
	EndGlobalSection
EndGlobal
